hash: 49dbca056b7ccac6a6efdf1b57b84097d7add7cd96748c2db42dd3fe226f5a0b
updated: 2018-07-04T17:32:48.362539+02:00
imports:
- name: cloud.google.com/go
  version: c23afc06f11560eb1e93425b849aee2581c6dcfa
  subpackages:
  - compute/metadata
  - firestore
  - firestore/apiv1beta1
  - iam
  - internal
  - internal/atomiccache
  - internal/btree
  - internal/fields
  - internal/optional
  - internal/trace
  - internal/version
  - storage
- name: firebase.google.com/go
  version: 10499b49dc50d23cef37bba14c36e252318b8323
  subpackages:
  - auth
  - db
  - iid
  - internal
  - messaging
  - storage
- name: github.com/dgrijalva/jwt-go
  version: 06ea1031745cb8b3dab3f6a236daf2b0aa468b7e
- name: github.com/go-sql-driver/mysql
  version: 749ddf1598b47e3cd909414bda735fe790ef3d30
- name: github.com/golang/protobuf
  version: 9eb2c01ac278a5d89ce4b2be68fe4500955d8179
  subpackages:
  - proto
  - protoc-gen-go/descriptor
  - ptypes
  - ptypes/any
  - ptypes/duration
  - ptypes/empty
  - ptypes/struct
  - ptypes/timestamp
  - ptypes/wrappers
- name: github.com/googleapis/gax-go
  version: 1ef592c90f479e3ab30c6c2312e20e13881b7ea6
- name: github.com/gorilla/context
  version: 08b5f424b9271eedf6f9f0ce86cb9396ed337a42
- name: github.com/gorilla/mux
  version: cb4698366aa625048f3b815af6a0dea8aef9280a
- name: github.com/gorilla/websocket
  version: 5ed622c449da6d44c3c8329331ff47a9e5844f71
- name: go.opencensus.io
  version: d2694f19d26a511651863404fc63fa480551fa48
  subpackages:
  - exporter/stackdriver/propagation
  - internal
  - internal/tagencoding
  - plugin/ocgrpc
  - plugin/ochttp
  - plugin/ochttp/propagation/b3
  - stats
  - stats/internal
  - stats/view
  - tag
  - trace
  - trace/internal
  - trace/propagation
- name: golang.org/x/net
  version: ed29d75add3d7c4bf7ca65aac0c6df3d1420216f
  subpackages:
  - context
  - context/ctxhttp
  - http/httpguts
  - http2
  - http2/hpack
  - idna
  - internal/timeseries
  - trace
- name: golang.org/x/oauth2
  version: ef147856a6ddbb60760db74283d2424e98c87bff
  subpackages:
  - google
  - internal
  - jws
  - jwt
- name: golang.org/x/sys
  version: 151529c776cdc58ddbe7963ba9af779f3577b419
  subpackages:
  - unix
- name: golang.org/x/text
  version: c0fe8dde8a10c9b32154bd9bdf080b8b3d635127
  subpackages:
  - secure/bidirule
  - transform
  - unicode/bidi
  - unicode/norm
- name: google.golang.org/api
  version: e0f3bfad25321f7b0777b3ab35a0503dcb221744
  subpackages:
  - gensupport
  - googleapi
  - googleapi/internal/uritemplates
  - googleapi/transport
  - identitytoolkit/v3
  - internal
  - iterator
  - option
  - storage/v1
  - transport
  - transport/grpc
  - transport/http
- name: google.golang.org/appengine
  version: b1f26356af11148e710935ed1ac8a7f5702c7612
  subpackages:
  - cloudsql
  - internal
  - internal/app_identity
  - internal/base
  - internal/datastore
  - internal/log
  - internal/modules
  - internal/remote_api
  - internal/socket
  - internal/urlfetch
  - socket
  - urlfetch
- name: google.golang.org/genproto
  version: ff3583edef7de132f219f0efc00e097cabcc0ec0
  subpackages:
  - googleapis/api/annotations
  - googleapis/firestore/v1beta1
  - googleapis/iam/v1
  - googleapis/rpc/code
  - googleapis/rpc/status
  - googleapis/type/latlng
- name: google.golang.org/grpc
  version: 40cd6b15e2880b88deb091b0fcb091694285fcb0
  subpackages:
  - balancer
  - balancer/base
  - balancer/roundrobin
  - codes
  - connectivity
  - credentials
  - credentials/oauth
  - encoding
  - encoding/proto
  - grpclog
  - internal
  - internal/backoff
  - internal/channelz
  - internal/envconfig
  - internal/grpcrand
  - keepalive
  - metadata
  - naming
  - peer
  - resolver
  - resolver/dns
  - resolver/passthrough
  - stats
  - status
  - tap
  - transport
testImports: []
